
Microsoft Visual Studio Solution File, Format Version 12.00
# Visual Studio Version 17
VisualStudioVersion = 17.6.33829.357
MinimumVisualStudioVersion = 10.0.40219.1
Project("{FAE04EC0-301F-11D3-BF4B-00C04F79EFBC}") = "SimpleRpg", "SimpleRpg\SimpleRpg.csproj", "{35B273AB-036B-42EF-A6A2-2278D9199A85}"
EndProject
Global
	GlobalSection(SolutionConfigurationPlatforms) = preSolution
		Debug|Any CPU = Debug|Any CPU
		Release|Any CPU = Release|Any CPU
	EndGlobalSection
	GlobalSection(ProjectConfigurationPlatforms) = postSolution
		{35B273AB-036B-42EF-A6A2-2278D9199A85}.Debug|Any CPU.ActiveCfg = Debug|Any CPU
		{35B273AB-036B-42EF-A6A2-2278D9199A85}.Debug|Any CPU.Build.0 = Debug|Any CPU
		{35B273AB-036B-42EF-A6A2-2278D9199A85}.Release|Any CPU.ActiveCfg = Release|Any CPU
		{35B273AB-036B-42EF-A6A2-2278D9199A85}.Release|Any CPU.Build.0 = Release|Any CPU
	EndGlobalSection
	GlobalSection(SolutionProperties) = preSolution
		HideSolutionNode = FALSE
	EndGlobalSection
	GlobalSection(ExtensibilityGlobals) = postSolution
		SolutionGuid = {EC4845B9-058B-41C6-9AB1-7EC650BF1058}
	EndGlobalSection
EndGlobal
